// !$*UTF8*$!
{
	archiveVersion = 1;
	classes = {
	};
	objectVersion = 50;
	objects = {

/* Begin PBXBuildFile section */
		74396BF125C16D6A00D6971D /* AppDelegate.swift in Sources */ = {isa = PBXBuildFile; fileRef = 74396BF025C16D6A00D6971D /* AppDelegate.swift */; };
		74396BF325C16D6A00D6971D /* SceneDelegate.swift in Sources */ = {isa = PBXBuildFile; fileRef = 74396BF225C16D6A00D6971D /* SceneDelegate.swift */; };
		74396BF525C16D6A00D6971D /* ViewController.swift in Sources */ = {isa = PBXBuildFile; fileRef = 74396BF425C16D6A00D6971D /* ViewController.swift */; };
		74396BF825C16D6A00D6971D /* Main.storyboard in Resources */ = {isa = PBXBuildFile; fileRef = 74396BF625C16D6A00D6971D /* Main.storyboard */; };
		74396BFA25C16D6D00D6971D /* Assets.xcassets in Resources */ = {isa = PBXBuildFile; fileRef = 74396BF925C16D6D00D6971D /* Assets.xcassets */; };
		74396BFD25C16D6D00D6971D /* LaunchScreen.storyboard in Resources */ = {isa = PBXBuildFile; fileRef = 74396BFB25C16D6D00D6971D /* LaunchScreen.storyboard */; };
		74396C0625C1718900D6971D /* QuizViewController.swift in Sources */ = {isa = PBXBuildFile; fileRef = 74396C0525C1718900D6971D /* QuizViewController.swift */; };
		747E95A625C6A82F0065FC26 /* HistoryTableViewController.swift in Sources */ = {isa = PBXBuildFile; fileRef = 747E95A525C6A82F0065FC26 /* HistoryTableViewController.swift */; };
		747E95AC25C6AB780065FC26 /* TableViewCell.swift in Sources */ = {isa = PBXBuildFile; fileRef = 747E95AA25C6AB780065FC26 /* TableViewCell.swift */; };
		747E95AD25C6AB780065FC26 /* TableViewCell.xib in Resources */ = {isa = PBXBuildFile; fileRef = 747E95AB25C6AB780065FC26 /* TableViewCell.xib */; };
		74B01F3125C414AA00315215 /* ResultViewController.swift in Sources */ = {isa = PBXBuildFile; fileRef = 74B01F3025C414AA00315215 /* ResultViewController.swift */; };
/* End PBXBuildFile section */

/* Begin PBXFileReference section */
		74396BED25C16D6A00D6971D /* quizApp.app */ = {isa = PBXFileReference; explicitFileType = wrapper.application; includeInIndex = 0; path = quizApp.app; sourceTree = BUILT_PRODUCTS_DIR; };
		74396BF025C16D6A00D6971D /* AppDelegate.swift */ = {isa = PBXFileReference; lastKnownFileType = sourcecode.swift; path = AppDelegate.swift; sourceTree = "<group>"; };
		74396BF225C16D6A00D6971D /* SceneDelegate.swift */ = {isa = PBXFileReference; lastKnownFileType = sourcecode.swift; path = SceneDelegate.swift; sourceTree = "<group>"; };
		74396BF425C16D6A00D6971D /* ViewController.swift */ = {isa = PBXFileReference; lastKnownFileType = sourcecode.swift; path = ViewController.swift; sourceTree = "<group>"; };
		74396BF725C16D6A00D6971D /* Base */ = {isa = PBXFileReference; lastKnownFileType = file.storyboard; name = Base; path = Base.lproj/Main.storyboard; sourceTree = "<group>"; };
		74396BF925C16D6D00D6971D /* Assets.xcassets */ = {isa = PBXFileReference; lastKnownFileType = folder.assetcatalog; path = Assets.xcassets; sourceTree = "<group>"; };
		74396BFC25C16D6D00D6971D /* Base */ = {isa = PBXFileReference; lastKnownFileType = file.storyboard; name = Base; path = Base.lproj/LaunchScreen.storyboard; sourceTree = "<group>"; };
		74396BFE25C16D6D00D6971D /* Info.plist */ = {isa = PBXFileReference; lastKnownFileType = text.plist.xml; path = Info.plist; sourceTree = "<group>"; };
		74396C0525C1718900D6971D /* QuizViewController.swift */ = {isa = PBXFileReference; lastKnownFileType = sourcecode.swift; path = QuizViewController.swift; sourceTree = "<group>"; };
		747E95A525C6A82F0065FC26 /* HistoryTableViewController.swift */ = {isa = PBXFileReference; lastKnownFileType = sourcecode.swift; path = HistoryTableViewController.swift; sourceTree = "<group>"; };
		747E95AA25C6AB780065FC26 /* TableViewCell.swift */ = {isa = PBXFileReference; lastKnownFileType = sourcecode.swift; path = TableViewCell.swift; sourceTree = "<group>"; };
		747E95AB25C6AB780065FC26 /* TableViewCell.xib */ = {isa = PBXFileReference; lastKnownFileType = file.xib; path = TableViewCell.xib; sourceTree = "<group>"; };
		74B01F3025C414AA00315215 /* ResultViewController.swift */ = {isa = PBXFileReference; lastKnownFileType = sourcecode.swift; path = ResultViewController.swift; sourceTree = "<group>"; };
/* End PBXFileReference section */

/* Begin PBXFrameworksBuildPhase section */
		74396BEA25C16D6A00D6971D /* Frameworks */ = {
			isa = PBXFrameworksBuildPhase;
			buildActionMask = 2147483647;
			files = (
			);
			runOnlyForDeploymentPostprocessing = 0;
		};
/* End PBXFrameworksBuildPhase section */

/* Begin PBXGroup section */
		74396BE425C16D6A00D6971D = {
			isa = PBXGroup;
			children = (
				74396BEF25C16D6A00D6971D /* quizApp */,
				74396BEE25C16D6A00D6971D /* Products */,
			);
			sourceTree = "<group>";
		};
		74396BEE25C16D6A00D6971D /* Products */ = {
			isa = PBXGroup;
			children = (
				74396BED25C16D6A00D6971D /* quizApp.app */,
			);
			name = Products;
			sourceTree = "<group>";
		};
		74396BEF25C16D6A00D6971D /* quizApp */ = {
			isa = PBXGroup;
			children = (
				747E95A725C6AB0D0065FC26 /* Cells */,
				74396C0425C1716200D6971D /* Controllers */,
				74396BF025C16D6A00D6971D /* AppDelegate.swift */,
				74396BF225C16D6A00D6971D /* SceneDelegate.swift */,
				74396BF625C16D6A00D6971D /* Main.storyboard */,
				74396BF925C16D6D00D6971D /* Assets.xcassets */,
				74396BFB25C16D6D00D6971D /* LaunchScreen.storyboard */,
				74396BFE25C16D6D00D6971D /* Info.plist */,
			);
			path = quizApp;
			sourceTree = "<group>";
		};
		74396C0425C1716200D6971D /* Controllers */ = {
			isa = PBXGroup;
			children = (
				74396BF425C16D6A00D6971D /* ViewController.swift */,
				74396C0525C1718900D6971D /* QuizViewController.swift */,
				74B01F3025C414AA00315215 /* ResultViewController.swift */,
				747E95A525C6A82F0065FC26 /* HistoryTableViewController.swift */,
			);
			path = Controllers;
			sourceTree = "<group>";
		};
		747E95A725C6AB0D0065FC26 /* Cells */ = {
			isa = PBXGroup;
			children = (
				747E95AA25C6AB780065FC26 /* TableViewCell.swift */,
				747E95AB25C6AB780065FC26 /* TableViewCell.xib */,
			);
			path = Cells;
			sourceTree = "<group>";
		};
/* End PBXGroup section */

/* Begin PBXNativeTarget section */
		74396BEC25C16D6A00D6971D /* quizApp */ = {
			isa = PBXNativeTarget;
			buildConfigurationList = 74396C0125C16D6D00D6971D /* Build configuration list for PBXNativeTarget "quizApp" */;
			buildPhases = (
				74396BE925C16D6A00D6971D /* Sources */,
				74396BEA25C16D6A00D6971D /* Frameworks */,
				74396BEB25C16D6A00D6971D /* Resources */,
			);
			buildRules = (
			);
			dependencies = (
			);
			name = quizApp;
			productName = quizApp;
			productReference = 74396BED25C16D6A00D6971D /* quizApp.app */;
			productType = "com.apple.product-type.application";
		};
/* End PBXNativeTarget section */

/* Begin PBXProject section */
		74396BE525C16D6A00D6971D /* Project object */ = {
			isa = PBXProject;
			attributes = {
				LastSwiftUpdateCheck = 1130;
				LastUpgradeCheck = 1130;
				ORGANIZATIONNAME = Alisher;
				TargetAttributes = {
					74396BEC25C16D6A00D6971D = {
						CreatedOnToolsVersion = 11.3.1;
					};
				};
			};
			buildConfigurationList = 74396BE825C16D6A00D6971D /* Build configuration list for PBXProject "quizApp" */;
			compatibilityVersion = "Xcode 9.3";
			developmentRegion = en;
			hasScannedForEncodings = 0;
			knownRegions = (
				en,
				Base,
			);
			mainGroup = 74396BE425C16D6A00D6971D;
			productRefGroup = 74396BEE25C16D6A00D6971D /* Products */;
			projectDirPath = "";
			projectRoot = "";
			targets = (
				74396BEC25C16D6A00D6971D /* quizApp */,
			);
		};
/* End PBXProject section */

/* Begin PBXResourcesBuildPhase section */
		74396BEB25C16D6A00D6971D /* Resources */ = {
			isa = PBXResourcesBuildPhase;
			buildActionMask = 2147483647;
			files = (
				74396BFD25C16D6D00D6971D /* LaunchScreen.storyboard in Resources */,
				747E95AD25C6AB780065FC26 /* TableViewCell.xib in Resources */,
				74396BFA25C16D6D00D6971D /* Assets.xcassets in Resources */,
				74396BF825C16D6A00D6971D /* Main.storyboard in Resources */,
			);
			runOnlyForDeploymentPostprocessing = 0;
		};
/* End PBXResourcesBuildPhase section */

/* Begin PBXSourcesBuildPhase section */
		74396BE925C16D6A00D6971D /* Sources */ = {
			isa = PBXSourcesBuildPhase;
			buildActionMask = 2147483647;
			files = (
				74B01F3125C414AA00315215 /* ResultViewController.swift in Sources */,
				74396BF525C16D6A00D6971D /* ViewController.swift in Sources */,
				747E95A625C6A82F0065FC26 /* HistoryTableViewController.swift in Sources */,
				74396BF125C16D6A00D6971D /* AppDelegate.swift in Sources */,
				74396BF325C16D6A00D6971D /* SceneDelegate.swift in Sources */,
				747E95AC25C6AB780065FC26 /* TableViewCell.swift in Sources */,
				74396C0625C1718900D6971D /* QuizViewController.swift in Sources */,
			);
			runOnlyForDeploymentPostprocessing = 0;
		};
/* End PBXSourcesBuildPhase section */

/* Begin PBXVariantGroup section */
		74396BF625C16D6A00D6971D /* Main.storyboard */ = {
			isa = PBXVariantGroup;
			children = (
				74396BF725C16D6A00D6971D /* Base */,
			);
			name = Main.storyboard;
			sourceTree = "<group>";
		};
		74396BFB25C16D6D00D6971D /* LaunchScreen.storyboard */ = {
			isa = PBXVariantGroup;
			children = (
				74396BFC25C16D6D00D6971D /* Base */,
			);
			name = LaunchScreen.storyboard;
			sourceTree = "<group>";
		};
/* End PBXVariantGroup section */

/* Begin XCBuildConfiguration section */
		74396BFF25C16D6D00D6971D /* Debug */ = {
			isa = XCBuildConfiguration;
			buildSettings = {
				ALWAYS_SEARCH_USER_PATHS = NO;
				CLANG_ANALYZER_NONNULL = YES;
				CLANG_ANALYZER_NUMBER_OBJECT_CONVERSION = YES_AGGRESSIVE;
				CLANG_CXX_LANGUAGE_STANDARD = "gnu++14";
				CLANG_CXX_LIBRARY = "libc++";
				CLANG_ENABLE_MODULES = YES;
				CLANG_ENABLE_OBJC_ARC = YES;
				CLANG_ENABLE_OBJC_WEAK = YES;
				CLANG_WARN_BLOCK_CAPTURE_AUTORELEASING = YES;
				CLANG_WARN_BOOL_CONVERSION = YES;
				CLANG_WARN_COMMA = YES;
				CLANG_WARN_CONSTANT_CONVERSION = YES;
				CLANG_WARN_DEPRECATED_OBJC_IMPLEMENTATIONS = YES;
				CLANG_WARN_DIRECT_OBJC_ISA_USAGE = YES_ERROR;
				CLANG_WARN_DOCUMENTATION_COMMENTS = YES;
				CLANG_WARN_EMPTY_BODY = YES;
				CLANG_WARN_ENUM_CONVERSION = YES;
				CLANG_WARN_INFINITE_RECURSION = YES;
				CLANG_WARN_INT_CONVERSION = YES;
				CLANG_WARN_NON_LITERAL_NULL_CONVERSION = YES;
				CLANG_WARN_OBJC_IMPLICIT_RETAIN_SELF = YES;
				CLANG_WARN_OBJC_LITERAL_CONVERSION = YES;
				CLANG_WARN_OBJC_ROOT_CLASS = YES_ERROR;
				CLANG_WARN_RANGE_LOOP_ANALYSIS = YES;
				CLANG_WARN_STRICT_PROTOTYPES = YES;
				CLANG_WARN_SUSPICIOUS_MOVE = YES;
				CLANG_WARN_UNGUARDED_AVAILABILITY = YES_AGGRESSIVE;
				CLANG_WARN_UNREACHABLE_CODE = YES;
				CLANG_WARN__DUPLICATE_METHOD_MATCH = YES;
				COPY_PHASE_STRIP = NO;
				DEBUG_INFORMATION_FORMAT = dwarf;
				ENABLE_STRICT_OBJC_MSGSEND = YES;
				ENABLE_TESTABILITY = YES;
				GCC_C_LANGUAGE_STANDARD = gnu11;
				GCC_DYNAMIC_NO_PIC = NO;
				GCC_NO_COMMON_BLOCKS = YES;
				GCC_OPTIMIZATION_LEVEL = 0;
				GCC_PREPROCESSOR_DEFINITIONS = (
					"DEBUG=1",
					"$(inherited)",
				);
				GCC_WARN_64_TO_32_BIT_CONVERSION = YES;
				GCC_WARN_ABOUT_RETURN_TYPE = YES_ERROR;
				GCC_WARN_UNDECLARED_SELECTOR = YES;
				GCC_WARN_UNINITIALIZED_AUTOS = YES_AGGRESSIVE;
				GCC_WARN_UNUSED_FUNCTION = YES;
				GCC_WARN_UNUSED_VARIABLE = YES;
				IPHONEOS_DEPLOYMENT_TARGET = 13.2;
				MTL_ENABLE_DEBUG_INFO = INCLUDE_SOURCE;
				MTL_FAST_MATH = YES;
				ONLY_ACTIVE_ARCH = YES;
				SDKROOT = iphoneos;
				SWIFT_ACTIVE_COMPILATION_CONDITIONS = DEBUG;
				SWIFT_OPTIMIZATION_LEVEL = "-Onone";
			};
			name = Debug;
		};
		74396C0025C16D6D00D6971D /* Release */ = {
			isa = XCBuildConfiguration;
			buildSettings = {
				ALWAYS_SEARCH_USER_PATHS = NO;
				CLANG_ANALYZER_NONNULL = YES;
				CLANG_ANALYZER_NUMBER_OBJECT_CONVERSION = YES_AGGRESSIVE;
				CLANG_CXX_LANGUAGE_STANDARD = "gnu++14";
				CLANG_CXX_LIBRARY = "libc++";
				CLANG_ENABLE_MODULES = YES;
				CLANG_ENABLE_OBJC_ARC = YES;
				CLANG_ENABLE_OBJC_WEAK = YES;
				CLANG_WARN_BLOCK_CAPTURE_AUTORELEASING = YES;
				CLANG_WARN_BOOL_CONVERSION = YES;
				CLANG_WARN_COMMA = YES;
				CLANG_WARN_CONSTANT_CONVERSION = YES;
				CLANG_WARN_DEPRECATED_OBJC_IMPLEMENTATIONS = YES;
				CLANG_WARN_DIRECT_OBJC_ISA_USAGE = YES_ERROR;
				CLANG_WARN_DOCUMENTATION_COMMENTS = YES;
				CLANG_WARN_EMPTY_BODY = YES;
				CLANG_WARN_ENUM_CONVERSION = YES;
				CLANG_WARN_INFINITE_RECURSION = YES;
				CLANG_WARN_INT_CONVERSION = YES;
				CLANG_WARN_NON_LITERAL_NULL_CONVERSION = YES;
				CLANG_WARN_OBJC_IMPLICIT_RETAIN_SELF = YES;
				CLANG_WARN_OBJC_LITERAL_CONVERSION = YES;
				CLANG_WARN_OBJC_ROOT_CLASS = YES_ERROR;
				CLANG_WARN_RANGE_LOOP_ANALYSIS = YES;
				CLANG_WARN_STRICT_PROTOTYPES = YES;
				CLANG_WARN_SUSPICIOUS_MOVE = YES;
				CLANG_WARN_UNGUARDED_AVAILABILITY = YES_AGGRESSIVE;
				CLANG_WARN_UNREACHABLE_CODE = YES;
				CLANG_WARN__DUPLICATE_METHOD_MATCH = YES;
				COPY_PHASE_STRIP = NO;
				DEBUG_INFORMATION_FORMAT = "dwarf-with-dsym";
				ENABLE_NS_ASSERTIONS = NO;
				ENABLE_STRICT_OBJC_MSGSEND = YES;
				GCC_C_LANGUAGE_STANDARD = gnu11;
				GCC_NO_COMMON_BLOCKS = YES;
				GCC_WARN_64_TO_32_BIT_CONVERSION = YES;
				GCC_WARN_ABOUT_RETURN_TYPE = YES_ERROR;
				GCC_WARN_UNDECLARED_SELECTOR = YES;
				GCC_WARN_UNINITIALIZED_AUTOS = YES_AGGRESSIVE;
				GCC_WARN_UNUSED_FUNCTION = YES;
				GCC_WARN_UNUSED_VARIABLE = YES;
				IPHONEOS_DEPLOYMENT_TARGET = 13.2;
				MTL_ENABLE_DEBUG_INFO = NO;
				MTL_FAST_MATH = YES;
				SDKROOT = iphoneos;
				SWIFT_COMPILATION_MODE = wholemodule;
				SWIFT_OPTIMIZATION_LEVEL = "-O";
				VALIDATE_PRODUCT = YES;
			};
			name = Release;
		};
		74396C0225C16D6D00D6971D /* Debug */ = {
			isa = XCBuildConfiguration;
			buildSettings = {
				ASSETCATALOG_COMPILER_APPICON_NAME = AppIcon;
				CODE_SIGN_STYLE = Automatic;
				INFOPLIST_FILE = quizApp/Info.plist;
				LD_RUNPATH_SEARCH_PATHS = (
					"$(inherited)",
					"@executable_path/Frameworks",
				);
				PRODUCT_BUNDLE_IDENTIFIER = T.quizApp;
				PRODUCT_NAME = "$(TARGET_NAME)";
				SWIFT_VERSION = 5.0;
				TARGETED_DEVICE_FAMILY = "1,2";
			};
			name = Debug;
		};
		74396C0325C16D6D00D6971D /* Release */ = {
			isa = XCBuildConfiguration;
			buildSettings = {
				ASSETCATALOG_COMPILER_APPICON_NAME = AppIcon;
				CODE_SIGN_STYLE = Automatic;
				INFOPLIST_FILE = quizApp/Info.plist;
				LD_RUNPATH_SEARCH_PATHS = (
					"$(inherited)",
					"@executable_path/Frameworks",
				);
				PRODUCT_BUNDLE_IDENTIFIER = T.quizApp;
				PRODUCT_NAME = "$(TARGET_NAME)";
				SWIFT_VERSION = 5.0;
				TARGETED_DEVICE_FAMILY = "1,2";
			};
			name = Release;
		};
/* End XCBuildConfiguration section */

/* Begin XCConfigurationList section */
		74396BE825C16D6A00D6971D /* Build configuration list for PBXProject "quizApp" */ = {
			isa = XCConfigurationList;
			buildConfigurations = (
				74396BFF25C16D6D00D6971D /* Debug */,
				74396C0025C16D6D00D6971D /* Release */,
			);
			defaultConfigurationIsVisible = 0;
			defaultConfigurationName = Release;
		};
		74396C0125C16D6D00D6971D /* Build configuration list for PBXNativeTarget "quizApp" */ = {
			isa = XCConfigurationList;
			buildConfigurations = (
				74396C0225C16D6D00D6971D /* Debug */,
				74396C0325C16D6D00D6971D /* Release */,
			);
			defaultConfigurationIsVisible = 0;
			defaultConfigurationName = Release;
		};
/* End XCConfigurationList section */
	};
	rootObject = 74396BE525C16D6A00D6971D /* Project object */;
}
